<?xml version="1.0" encoding="utf-8"?>
<Project ToolsVersion="4.0" xmlns="http://schemas.microsoft.com/developer/msbuild/2003">
  <ItemGroup>
    <Filter Include="Source Files">
      <UniqueIdentifier>{4FC737F1-C7A5-4376-A066-2A32D752A2FF}</UniqueIdentifier>
      <Extensions>cpp;c;cc;cxx;def;odl;idl;hpj;bat;asm;asmx</Extensions>
    </Filter>
    <Filter Include="Header Files">
      <UniqueIdentifier>{93995380-89BD-4b04-88EB-625FBE52EBFB}</UniqueIdentifier>
      <Extensions>h;hh;hpp;hxx;hm;inl;inc;xsd</Extensions>
    </Filter>
    <Filter Include="Resource Files">
      <UniqueIdentifier>{67DA6AB6-F800-4c08-8B7A-83BB121AAD01}</UniqueIdentifier>
      <Extensions>rc;ico;cur;bmp;dlg;rc2;rct;bin;rgs;gif;jpg;jpeg;jpe;resx;tiff;tif;png;wav;mfcribbon-ms</Extensions>
    </Filter>
  </ItemGroup>
  <ItemGroup>
    <None Include="IPS Tube Clock.ino" />
  </ItemGroup>
  <ItemGroup>
    <ClInclude Include="__vm\.IPS Tube Clock.vsarduino.h">
      <Filter>Header Files</Filter>
    </ClInclude>
  </ItemGroup>
  <ItemGroup>
    <Image Include="Faces\Burroughs 1\0.bmp">
      <Filter>Resource Files</Filter>
    </Image>
    <Image Include="Faces\Burroughs 1\1.bmp">
      <Filter>Resource Files</Filter>
    </Image>
    <Image Include="Faces\Burroughs 1\2.bmp">
      <Filter>Resource Files</Filter>
    </Image>
    <Image Include="Faces\Burroughs 1\3.bmp">
      <Filter>Resource Files</Filter>
    </Image>
    <Image Include="Faces\Burroughs 1\4.bmp">
      <Filter>Resource Files</Filter>
    </Image>
    <Image Include="Faces\Burroughs 1\5.bmp">
      <Filter>Resource Files</Filter>
    </Image>
    <Image Include="Faces\Burroughs 1\6.bmp">
      <Filter>Resource Files</Filter>
    </Image>
    <Image Include="Faces\Burroughs 1\7.bmp">
      <Filter>Resource Files</Filter>
    </Image>
    <Image Include="Faces\Burroughs 1\8.bmp">
      <Filter>Resource Files</Filter>
    </Image>
    <Image Include="Faces\Burroughs 1\9.bmp">
      <Filter>Resource Files</Filter>
    </Image>
    <Image Include="Faces\Burroughs 2\0.bmp">
      <Filter>Resource Files</Filter>
    </Image>
    <Image Include="Faces\Burroughs 2\1.bmp">
      <Filter>Resource Files</Filter>
    </Image>
    <Image Include="Faces\Burroughs 2\2.bmp">
      <Filter>Resource Files</Filter>
    </Image>
    <Image Include="Faces\Burroughs 2\3.bmp">
      <Filter>Resource Files</Filter>
    </Image>
    <Image Include="Faces\Burroughs 2\4.bmp">
      <Filter>Resource Files</Filter>
    </Image>
    <Image Include="Faces\Burroughs 2\5.bmp">
      <Filter>Resource Files</Filter>
    </Image>
    <Image Include="Faces\Burroughs 2\6.bmp">
      <Filter>Resource Files</Filter>
    </Image>
    <Image Include="Faces\Burroughs 2\7.bmp">
      <Filter>Resource Files</Filter>
    </Image>
    <Image Include="Faces\Burroughs 2\8.bmp">
      <Filter>Resource Files</Filter>
    </Image>
    <Image Include="Faces\Burroughs 2\9.bmp">
      <Filter>Resource Files</Filter>
    </Image>
    <Image Include="Faces\Burroughs 3\0.bmp">
      <Filter>Resource Files</Filter>
    </Image>
    <Image Include="Faces\Burroughs 3\1.bmp">
      <Filter>Resource Files</Filter>
    </Image>
    <Image Include="Faces\Burroughs 3\2.bmp">
      <Filter>Resource Files</Filter>
    </Image>
    <Image Include="Faces\Burroughs 3\3.bmp">
      <Filter>Resource Files</Filter>
    </Image>
    <Image Include="Faces\Burroughs 3\4.bmp">
      <Filter>Resource Files</Filter>
    </Image>
    <Image Include="Faces\Burroughs 3\5.bmp">
      <Filter>Resource Files</Filter>
    </Image>
    <Image Include="Faces\Burroughs 3\6.bmp">
      <Filter>Resource Files</Filter>
    </Image>
    <Image Include="Faces\Burroughs 3\7.bmp">
      <Filter>Resource Files</Filter>
    </Image>
    <Image Include="Faces\Burroughs 3\8.bmp">
      <Filter>Resource Files</Filter>
    </Image>
    <Image Include="Faces\Burroughs 3\9.bmp">
      <Filter>Resource Files</Filter>
    </Image>
    <Image Include="Faces\DG12 B\0.bmp">
      <Filter>Resource Files</Filter>
    </Image>
    <Image Include="Faces\DG12 B\1.bmp">
      <Filter>Resource Files</Filter>
    </Image>
    <Image Include="Faces\DG12 B\2.bmp">
      <Filter>Resource Files</Filter>
    </Image>
    <Image Include="Faces\DG12 B\3.bmp">
      <Filter>Resource Files</Filter>
    </Image>
    <Image Include="Faces\DG12 B\4.bmp">
      <Filter>Resource Files</Filter>
    </Image>
    <Image Include="Faces\DG12 B\5.bmp">
      <Filter>Resource Files</Filter>
    </Image>
    <Image Include="Faces\DG12 B\6.bmp">
      <Filter>Resource Files</Filter>
    </Image>
    <Image Include="Faces\DG12 B\7.bmp">
      <Filter>Resource Files</Filter>
    </Image>
    <Image Include="Faces\DG12 B\8.bmp">
      <Filter>Resource Files</Filter>
    </Image>
    <Image Include="Faces\DG12 B\9.bmp">
      <Filter>Resource Files</Filter>
    </Image>
    <Image Include="Faces\EleksTubeHAX\0.bmp">
      <Filter>Resource Files</Filter>
    </Image>
    <Image Include="Faces\EleksTubeHAX\1.bmp">
      <Filter>Resource Files</Filter>
    </Image>
    <Image Include="Faces\EleksTubeHAX\2.bmp">
      <Filter>Resource Files</Filter>
    </Image>
    <Image Include="Faces\EleksTubeHAX\3.bmp">
      <Filter>Resource Files</Filter>
    </Image>
    <Image Include="Faces\EleksTubeHAX\4.bmp">
      <Filter>Resource Files</Filter>
    </Image>
    <Image Include="Faces\EleksTubeHAX\5.bmp">
      <Filter>Resource Files</Filter>
    </Image>
    <Image Include="Faces\EleksTubeHAX\6.bmp">
      <Filter>Resource Files</Filter>
    </Image>
    <Image Include="Faces\EleksTubeHAX\7.bmp">
      <Filter>Resource Files</Filter>
    </Image>
    <Image Include="Faces\EleksTubeHAX\8.bmp">
      <Filter>Resource Files</Filter>
    </Image>
    <Image Include="Faces\EleksTubeHAX\9.bmp">
      <Filter>Resource Files</Filter>
    </Image>
    <Image Include="Faces\IN18\1.bmp">
      <Filter>Resource Files</Filter>
    </Image>
    <Image Include="Faces\IN18\d9i6tss-2894c354-0252-43fc-b19d-c365b2146eda.png">
      <Filter>Resource Files</Filter>
    </Image>
    <Image Include="Faces\IV12\0.bmp">
      <Filter>Resource Files</Filter>
    </Image>
    <Image Include="Faces\IV12\1.bmp">
      <Filter>Resource Files</Filter>
    </Image>
    <Image Include="Faces\IV12\2.bmp">
      <Filter>Resource Files</Filter>
    </Image>
    <Image Include="Faces\IV12\3.bmp">
      <Filter>Resource Files</Filter>
    </Image>
    <Image Include="Faces\IV12\4.bmp">
      <Filter>Resource Files</Filter>
    </Image>
    <Image Include="Faces\IV12\5.bmp">
      <Filter>Resource Files</Filter>
    </Image>
    <Image Include="Faces\IV12\6.bmp">
      <Filter>Resource Files</Filter>
    </Image>
    <Image Include="Faces\IV12\7.bmp">
      <Filter>Resource Files</Filter>
    </Image>
    <Image Include="Faces\IV12\8.bmp">
      <Filter>Resource Files</Filter>
    </Image>
    <Image Include="Faces\IV12\9.bmp">
      <Filter>Resource Files</Filter>
    </Image>
    <Image Include="Faces\neon\0.bmp">
      <Filter>Resource Files</Filter>
    </Image>
    <Image Include="Faces\neon\1.bmp">
      <Filter>Resource Files</Filter>
    </Image>
    <Image Include="Faces\neon\2.bmp">
      <Filter>Resource Files</Filter>
    </Image>
    <Image Include="Faces\neon\3.bmp">
      <Filter>Resource Files</Filter>
    </Image>
    <Image Include="Faces\neon\4.bmp">
      <Filter>Resource Files</Filter>
    </Image>
    <Image Include="Faces\neon\5.bmp">
      <Filter>Resource Files</Filter>
    </Image>
    <Image Include="Faces\neon\6.bmp">
      <Filter>Resource Files</Filter>
    </Image>
    <Image Include="Faces\neon\7.bmp">
      <Filter>Resource Files</Filter>
    </Image>
    <Image Include="Faces\neon\8.bmp">
      <Filter>Resource Files</Filter>
    </Image>
    <Image Include="Faces\neon\9.bmp">
      <Filter>Resource Files</Filter>
    </Image>
    <Image Include="Faces\Panaplex\0.bmp">
      <Filter>Resource Files</Filter>
    </Image>
    <Image Include="Faces\Panaplex\1.bmp">
      <Filter>Resource Files</Filter>
    </Image>
    <Image Include="Faces\Panaplex\2.bmp">
      <Filter>Resource Files</Filter>
    </Image>
    <Image Include="Faces\Panaplex\4.bmp">
      <Filter>Resource Files</Filter>
    </Image>
    <Image Include="Faces\Panaplex\5.bmp">
      <Filter>Resource Files</Filter>
    </Image>
    <Image Include="Faces\Panaplex\6.bmp">
      <Filter>Resource Files</Filter>
    </Image>
    <Image Include="Faces\Panaplex\8.bmp">
      <Filter>Resource Files</Filter>
    </Image>
    <Image Include="Faces\Panaplex\9.bmp">
      <Filter>Resource Files</Filter>
    </Image>
    <Image Include="Faces\Panaplex\d346850a-463b-4d8b-9d5d-cd5ad74133f9.bmp">
      <Filter>Resource Files</Filter>
    </Image>
    <Image Include="Faces\Panaplex\e31f09cb-7b22-4a34-a755-cc3d33fe482e.bmp">
      <Filter>Resource Files</Filter>
    </Image>
    <Image Include="Faces\Panaplex\7.bmp">
      <Filter>Resource Files</Filter>
    </Image>
    <Image Include="Faces\Panaplex\3.bmp">
      <Filter>Resource Files</Filter>
    </Image>
    <Image Include="Faces\Westminster\0.bmp">
      <Filter>Resource Files</Filter>
    </Image>
    <Image Include="Faces\Westminster\1.bmp">
      <Filter>Resource Files</Filter>
    </Image>
    <Image Include="Faces\Westminster\2.bmp">
      <Filter>Resource Files</Filter>
    </Image>
    <Image Include="Faces\Westminster\3.bmp">
      <Filter>Resource Files</Filter>
    </Image>
    <Image Include="Faces\Westminster\4.bmp">
      <Filter>Resource Files</Filter>
    </Image>
    <Image Include="Faces\Westminster\5.bmp">
      <Filter>Resource Files</Filter>
    </Image>
    <Image Include="Faces\Westminster\6.bmp">
      <Filter>Resource Files</Filter>
    </Image>
    <Image Include="Faces\Westminster\7.bmp">
      <Filter>Resource Files</Filter>
    </Image>
    <Image Include="Faces\Westminster\8.bmp">
      <Filter>Resource Files</Filter>
    </Image>
    <Image Include="Faces\Westminster\9.bmp">
      <Filter>Resource Files</Filter>
    </Image>
    <Image Include="Faces\Z568M\0.bmp">
      <Filter>Resource Files</Filter>
    </Image>
    <Image Include="Faces\Z568M\1.bmp">
      <Filter>Resource Files</Filter>
    </Image>
    <Image Include="Faces\Z568M\2.bmp">
      <Filter>Resource Files</Filter>
    </Image>
    <Image Include="Faces\Z568M\3.bmp">
      <Filter>Resource Files</Filter>
    </Image>
    <Image Include="Faces\Z568M\4.bmp">
      <Filter>Resource Files</Filter>
    </Image>
    <Image Include="Faces\Z568M\5.bmp">
      <Filter>Resource Files</Filter>
    </Image>
    <Image Include="Faces\Z568M\6.bmp">
      <Filter>Resource Files</Filter>
    </Image>
    <Image Include="Faces\Z568M\7.bmp">
      <Filter>Resource Files</Filter>
    </Image>
    <Image Include="Faces\Z568M\8.bmp">
      <Filter>Resource Files</Filter>
    </Image>
    <Image Include="Faces\Z568M\9.bmp">
      <Filter>Resource Files</Filter>
    </Image>
    <Image Include="Faces\maxncb-0266-featured-image-customizable-clock.jpg">
      <Filter>Resource Files</Filter>
    </Image>
    <Image Include="Info\Faces\Burroughs 1\0.bmp">
      <Filter>Resource Files</Filter>
    </Image>
    <Image Include="Info\Faces\Burroughs 1\1.bmp">
      <Filter>Resource Files</Filter>
    </Image>
    <Image Include="Info\Faces\Burroughs 1\2.bmp">
      <Filter>Resource Files</Filter>
    </Image>
    <Image Include="Info\Faces\Burroughs 1\3.bmp">
      <Filter>Resource Files</Filter>
    </Image>
    <Image Include="Info\Faces\Burroughs 1\4.bmp">
      <Filter>Resource Files</Filter>
    </Image>
    <Image Include="Info\Faces\Burroughs 1\5.bmp">
      <Filter>Resource Files</Filter>
    </Image>
    <Image Include="Info\Faces\Burroughs 1\6.bmp">
      <Filter>Resource Files</Filter>
    </Image>
    <Image Include="Info\Faces\Burroughs 1\7.bmp">
      <Filter>Resource Files</Filter>
    </Image>
    <Image Include="Info\Faces\Burroughs 1\8.bmp">
      <Filter>Resource Files</Filter>
    </Image>
    <Image Include="Info\Faces\Burroughs 1\9.bmp">
      <Filter>Resource Files</Filter>
    </Image>
    <Image Include="Info\Faces\Burroughs 2\0.bmp">
      <Filter>Resource Files</Filter>
    </Image>
    <Image Include="Info\Faces\Burroughs 2\1.bmp">
      <Filter>Resource Files</Filter>
    </Image>
    <Image Include="Info\Faces\Burroughs 2\2.bmp">
      <Filter>Resource Files</Filter>
    </Image>
    <Image Include="Info\Faces\Burroughs 2\3.bmp">
      <Filter>Resource Files</Filter>
    </Image>
    <Image Include="Info\Faces\Burroughs 2\4.bmp">
      <Filter>Resource Files</Filter>
    </Image>
    <Image Include="Info\Faces\Burroughs 2\5.bmp">
      <Filter>Resource Files</Filter>
    </Image>
    <Image Include="Info\Faces\Burroughs 2\6.bmp">
      <Filter>Resource Files</Filter>
    </Image>
    <Image Include="Info\Faces\Burroughs 2\7.bmp">
      <Filter>Resource Files</Filter>
    </Image>
    <Image Include="Info\Faces\Burroughs 2\8.bmp">
      <Filter>Resource Files</Filter>
    </Image>
    <Image Include="Info\Faces\Burroughs 2\9.bmp">
      <Filter>Resource Files</Filter>
    </Image>
    <Image Include="Info\Faces\Burroughs 3\0.bmp">
      <Filter>Resource Files</Filter>
    </Image>
    <Image Include="Info\Faces\Burroughs 3\1.bmp">
      <Filter>Resource Files</Filter>
    </Image>
    <Image Include="Info\Faces\Burroughs 3\2.bmp">
      <Filter>Resource Files</Filter>
    </Image>
    <Image Include="Info\Faces\Burroughs 3\3.bmp">
      <Filter>Resource Files</Filter>
    </Image>
    <Image Include="Info\Faces\Burroughs 3\4.bmp">
      <Filter>Resource Files</Filter>
    </Image>
    <Image Include="Info\Faces\Burroughs 3\5.bmp">
      <Filter>Resource Files</Filter>
    </Image>
    <Image Include="Info\Faces\Burroughs 3\6.bmp">
      <Filter>Resource Files</Filter>
    </Image>
    <Image Include="Info\Faces\Burroughs 3\7.bmp">
      <Filter>Resource Files</Filter>
    </Image>
    <Image Include="Info\Faces\Burroughs 3\8.bmp">
      <Filter>Resource Files</Filter>
    </Image>
    <Image Include="Info\Faces\Burroughs 3\9.bmp">
      <Filter>Resource Files</Filter>
    </Image>
    <Image Include="Info\Faces\DG12 B\0.bmp">
      <Filter>Resource Files</Filter>
    </Image>
    <Image Include="Info\Faces\DG12 B\1.bmp">
      <Filter>Resource Files</Filter>
    </Image>
    <Image Include="Info\Faces\DG12 B\2.bmp">
      <Filter>Resource Files</Filter>
    </Image>
    <Image Include="Info\Faces\DG12 B\3.bmp">
      <Filter>Resource Files</Filter>
    </Image>
    <Image Include="Info\Faces\DG12 B\4.bmp">
      <Filter>Resource Files</Filter>
    </Image>
    <Image Include="Info\Faces\DG12 B\5.bmp">
      <Filter>Resource Files</Filter>
    </Image>
    <Image Include="Info\Faces\DG12 B\6.bmp">
      <Filter>Resource Files</Filter>
    </Image>
    <Image Include="Info\Faces\DG12 B\7.bmp">
      <Filter>Resource Files</Filter>
    </Image>
    <Image Include="Info\Faces\DG12 B\8.bmp">
      <Filter>Resource Files</Filter>
    </Image>
    <Image Include="Info\Faces\DG12 B\9.bmp">
      <Filter>Resource Files</Filter>
    </Image>
    <Image Include="Info\Faces\EleksTubeHAX\0.bmp">
      <Filter>Resource Files</Filter>
    </Image>
    <Image Include="Info\Faces\EleksTubeHAX\1.bmp">
      <Filter>Resource Files</Filter>
    </Image>
    <Image Include="Info\Faces\EleksTubeHAX\2.bmp">
      <Filter>Resource Files</Filter>
    </Image>
    <Image Include="Info\Faces\EleksTubeHAX\3.bmp">
      <Filter>Resource Files</Filter>
    </Image>
    <Image Include="Info\Faces\EleksTubeHAX\4.bmp">
      <Filter>Resource Files</Filter>
    </Image>
    <Image Include="Info\Faces\EleksTubeHAX\5.bmp">
      <Filter>Resource Files</Filter>
    </Image>
    <Image Include="Info\Faces\EleksTubeHAX\6.bmp">
      <Filter>Resource Files</Filter>
    </Image>
    <Image Include="Info\Faces\EleksTubeHAX\7.bmp">
      <Filter>Resource Files</Filter>
    </Image>
    <Image Include="Info\Faces\EleksTubeHAX\8.bmp">
      <Filter>Resource Files</Filter>
    </Image>
    <Image Include="Info\Faces\EleksTubeHAX\9.bmp">
      <Filter>Resource Files</Filter>
    </Image>
    <Image Include="Info\Faces\IN18\1.bmp">
      <Filter>Resource Files</Filter>
    </Image>
    <Image Include="Info\Faces\IN18\d9i6tss-2894c354-0252-43fc-b19d-c365b2146eda.png">
      <Filter>Resource Files</Filter>
    </Image>
    <Image Include="Info\Faces\IV12\0.bmp">
      <Filter>Resource Files</Filter>
    </Image>
    <Image Include="Info\Faces\IV12\1.bmp">
      <Filter>Resource Files</Filter>
    </Image>
    <Image Include="Info\Faces\IV12\2.bmp">
      <Filter>Resource Files</Filter>
    </Image>
    <Image Include="Info\Faces\IV12\3.bmp">
      <Filter>Resource Files</Filter>
    </Image>
    <Image Include="Info\Faces\IV12\4.bmp">
      <Filter>Resource Files</Filter>
    </Image>
    <Image Include="Info\Faces\IV12\5.bmp">
      <Filter>Resource Files</Filter>
    </Image>
    <Image Include="Info\Faces\IV12\6.bmp">
      <Filter>Resource Files</Filter>
    </Image>
    <Image Include="Info\Faces\IV12\7.bmp">
      <Filter>Resource Files</Filter>
    </Image>
    <Image Include="Info\Faces\IV12\8.bmp">
      <Filter>Resource Files</Filter>
    </Image>
    <Image Include="Info\Faces\IV12\9.bmp">
      <Filter>Resource Files</Filter>
    </Image>
    <Image Include="Info\Faces\neon\0.bmp">
      <Filter>Resource Files</Filter>
    </Image>
    <Image Include="Info\Faces\neon\1.bmp">
      <Filter>Resource Files</Filter>
    </Image>
    <Image Include="Info\Faces\neon\2.bmp">
      <Filter>Resource Files</Filter>
    </Image>
    <Image Include="Info\Faces\neon\3.bmp">
      <Filter>Resource Files</Filter>
    </Image>
    <Image Include="Info\Faces\neon\4.bmp">
      <Filter>Resource Files</Filter>
    </Image>
    <Image Include="Info\Faces\neon\5.bmp">
      <Filter>Resource Files</Filter>
    </Image>
    <Image Include="Info\Faces\neon\6.bmp">
      <Filter>Resource Files</Filter>
    </Image>
    <Image Include="Info\Faces\neon\7.bmp">
      <Filter>Resource Files</Filter>
    </Image>
    <Image Include="Info\Faces\neon\8.bmp">
      <Filter>Resource Files</Filter>
    </Image>
    <Image Include="Info\Faces\neon\9.bmp">
      <Filter>Resource Files</Filter>
    </Image>
    <Image Include="Info\Faces\Panaplex\0.bmp">
      <Filter>Resource Files</Filter>
    </Image>
    <Image Include="Info\Faces\Panaplex\1.bmp">
      <Filter>Resource Files</Filter>
    </Image>
    <Image Include="Info\Faces\Panaplex\2.bmp">
      <Filter>Resource Files</Filter>
    </Image>
    <Image Include="Info\Faces\Panaplex\3.bmp">
      <Filter>Resource Files</Filter>
    </Image>
    <Image Include="Info\Faces\Panaplex\4.bmp">
      <Filter>Resource Files</Filter>
    </Image>
    <Image Include="Info\Faces\Panaplex\5.bmp">
      <Filter>Resource Files</Filter>
    </Image>
    <Image Include="Info\Faces\Panaplex\6.bmp">
      <Filter>Resource Files</Filter>
    </Image>
    <Image Include="Info\Faces\Panaplex\7.bmp">
      <Filter>Resource Files</Filter>
    </Image>
    <Image Include="Info\Faces\Panaplex\8.bmp">
      <Filter>Resource Files</Filter>
    </Image>
    <Image Include="Info\Faces\Panaplex\9.bmp">
      <Filter>Resource Files</Filter>
    </Image>
    <Image Include="Info\Faces\Westminster\0.bmp">
      <Filter>Resource Files</Filter>
    </Image>
    <Image Include="Info\Faces\Westminster\1.bmp">
      <Filter>Resource Files</Filter>
    </Image>
    <Image Include="Info\Faces\Westminster\2.bmp">
      <Filter>Resource Files</Filter>
    </Image>
    <Image Include="Info\Faces\Westminster\3.bmp">
      <Filter>Resource Files</Filter>
    </Image>
    <Image Include="Info\Faces\Westminster\4.bmp">
      <Filter>Resource Files</Filter>
    </Image>
    <Image Include="Info\Faces\Westminster\5.bmp">
      <Filter>Resource Files</Filter>
    </Image>
    <Image Include="Info\Faces\Westminster\6.bmp">
      <Filter>Resource Files</Filter>
    </Image>
    <Image Include="Info\Faces\Westminster\7.bmp">
      <Filter>Resource Files</Filter>
    </Image>
    <Image Include="Info\Faces\Westminster\8.bmp">
      <Filter>Resource Files</Filter>
    </Image>
    <Image Include="Info\Faces\Westminster\9.bmp">
      <Filter>Resource Files</Filter>
    </Image>
    <Image Include="Info\Faces\Z568M\0.bmp">
      <Filter>Resource Files</Filter>
    </Image>
    <Image Include="Info\Faces\Z568M\1.bmp">
      <Filter>Resource Files</Filter>
    </Image>
    <Image Include="Info\Faces\Z568M\2.bmp">
      <Filter>Resource Files</Filter>
    </Image>
    <Image Include="Info\Faces\Z568M\3.bmp">
      <Filter>Resource Files</Filter>
    </Image>
    <Image Include="Info\Faces\Z568M\4.bmp">
      <Filter>Resource Files</Filter>
    </Image>
    <Image Include="Info\Faces\Z568M\5.bmp">
      <Filter>Resource Files</Filter>
    </Image>
    <Image Include="Info\Faces\Z568M\6.bmp">
      <Filter>Resource Files</Filter>
    </Image>
    <Image Include="Info\Faces\Z568M\7.bmp">
      <Filter>Resource Files</Filter>
    </Image>
    <Image Include="Info\Faces\Z568M\8.bmp">
      <Filter>Resource Files</Filter>
    </Image>
    <Image Include="Info\Faces\Z568M\9.bmp">
      <Filter>Resource Files</Filter>
    </Image>
    <Image Include="Info\Faces\maxncb-0266-featured-image-customizable-clock.jpg">
      <Filter>Resource Files</Filter>
    </Image>
  </ItemGroup>
</Project>